// !$*UTF8*$!
{
	archiveVersion = 1;
	classes = {
	};
	objectVersion = 56;
	objects = {

/* Begin PBXBuildFile section */
		2A0C5D142B18A86B00797FD6 /* RandomDateViewController.swift in Sources */ = {isa = PBXBuildFile; fileRef = 2A0C5D132B18A86B00797FD6 /* RandomDateViewController.swift */; };
		2A4E2D8C2B150EEE0099D2EE /* CoreDataManager.swift in Sources */ = {isa = PBXBuildFile; fileRef = 2A4E2D8B2B150EEE0099D2EE /* CoreDataManager.swift */; };
		2A8272F02B16279F001C071A /* FavoritesTableViewController.swift in Sources */ = {isa = PBXBuildFile; fileRef = 2A8272EF2B16279F001C071A /* FavoritesTableViewController.swift */; };
		2A8272F22B163E8D001C071A /* FavoritesTableViewCell.swift in Sources */ = {isa = PBXBuildFile; fileRef = 2A8272F12B163E8D001C071A /* FavoritesTableViewCell.swift */; };
		2A849C062B17C17E006CB746 /* FavoritesDetailViewController.swift in Sources */ = {isa = PBXBuildFile; fileRef = 2A849C052B17C17E006CB746 /* FavoritesDetailViewController.swift */; };
		2A865A062B1B53BE000AADD1 /* DatePickerViewController.swift in Sources */ = {isa = PBXBuildFile; fileRef = 2A865A052B1B53BE000AADD1 /* DatePickerViewController.swift */; };
		2AB16EBF2B190CDA00BA9CAD /* SpecificDateViewController.swift in Sources */ = {isa = PBXBuildFile; fileRef = 2AB16EBE2B190CDA00BA9CAD /* SpecificDateViewController.swift */; };
		2AEAEF072B14A1B4009F2EB5 /* AppDelegate.swift in Sources */ = {isa = PBXBuildFile; fileRef = 2AEAEF062B14A1B4009F2EB5 /* AppDelegate.swift */; };
		2AEAEF092B14A1B4009F2EB5 /* SceneDelegate.swift in Sources */ = {isa = PBXBuildFile; fileRef = 2AEAEF082B14A1B4009F2EB5 /* SceneDelegate.swift */; };
		2AEAEF0B2B14A1B4009F2EB5 /* APODViewController.swift in Sources */ = {isa = PBXBuildFile; fileRef = 2AEAEF0A2B14A1B4009F2EB5 /* APODViewController.swift */; };
		2AEAEF112B14A1B4009F2EB5 /* APOD.xcdatamodeld in Sources */ = {isa = PBXBuildFile; fileRef = 2AEAEF0F2B14A1B4009F2EB5 /* APOD.xcdatamodeld */; };
		2AEAEF132B14A1B6009F2EB5 /* Assets.xcassets in Resources */ = {isa = PBXBuildFile; fileRef = 2AEAEF122B14A1B6009F2EB5 /* Assets.xcassets */; };
		2AEAEF162B14A1B6009F2EB5 /* LaunchScreen.storyboard in Resources */ = {isa = PBXBuildFile; fileRef = 2AEAEF142B14A1B6009F2EB5 /* LaunchScreen.storyboard */; };
		2AF3BA092B14A63700E5F32C /* APODModel.swift in Sources */ = {isa = PBXBuildFile; fileRef = 2AF3BA082B14A63700E5F32C /* APODModel.swift */; };
		2AF3BA0C2B14A70700E5F32C /* NetworkManager.swift in Sources */ = {isa = PBXBuildFile; fileRef = 2AF3BA0B2B14A70700E5F32C /* NetworkManager.swift */; };
		2AF3BA102B14B32A00E5F32C /* SDWebImage in Frameworks */ = {isa = PBXBuildFile; productRef = 2AF3BA0F2B14B32A00E5F32C /* SDWebImage */; };
		2AF3BA122B14B32A00E5F32C /* SDWebImageMapKit in Frameworks */ = {isa = PBXBuildFile; productRef = 2AF3BA112B14B32A00E5F32C /* SDWebImageMapKit */; };
/* End PBXBuildFile section */

/* Begin PBXFileReference section */
		2A0C5D132B18A86B00797FD6 /* RandomDateViewController.swift */ = {isa = PBXFileReference; lastKnownFileType = sourcecode.swift; path = RandomDateViewController.swift; sourceTree = "<group>"; };
		2A4E2D8B2B150EEE0099D2EE /* CoreDataManager.swift */ = {isa = PBXFileReference; lastKnownFileType = sourcecode.swift; path = CoreDataManager.swift; sourceTree = "<group>"; };
		2A8272EF2B16279F001C071A /* FavoritesTableViewController.swift */ = {isa = PBXFileReference; lastKnownFileType = sourcecode.swift; path = FavoritesTableViewController.swift; sourceTree = "<group>"; };
		2A8272F12B163E8D001C071A /* FavoritesTableViewCell.swift */ = {isa = PBXFileReference; lastKnownFileType = sourcecode.swift; path = FavoritesTableViewCell.swift; sourceTree = "<group>"; };
		2A849C052B17C17E006CB746 /* FavoritesDetailViewController.swift */ = {isa = PBXFileReference; lastKnownFileType = sourcecode.swift; path = FavoritesDetailViewController.swift; sourceTree = "<group>"; };
		2A865A052B1B53BE000AADD1 /* DatePickerViewController.swift */ = {isa = PBXFileReference; lastKnownFileType = sourcecode.swift; path = DatePickerViewController.swift; sourceTree = "<group>"; };
		2AB16EBE2B190CDA00BA9CAD /* SpecificDateViewController.swift */ = {isa = PBXFileReference; lastKnownFileType = sourcecode.swift; path = SpecificDateViewController.swift; sourceTree = "<group>"; };
		2AEAEF032B14A1B4009F2EB5 /* APOD.app */ = {isa = PBXFileReference; explicitFileType = wrapper.application; includeInIndex = 0; path = APOD.app; sourceTree = BUILT_PRODUCTS_DIR; };
		2AEAEF062B14A1B4009F2EB5 /* AppDelegate.swift */ = {isa = PBXFileReference; lastKnownFileType = sourcecode.swift; path = AppDelegate.swift; sourceTree = "<group>"; };
		2AEAEF082B14A1B4009F2EB5 /* SceneDelegate.swift */ = {isa = PBXFileReference; lastKnownFileType = sourcecode.swift; path = SceneDelegate.swift; sourceTree = "<group>"; };
		2AEAEF0A2B14A1B4009F2EB5 /* APODViewController.swift */ = {isa = PBXFileReference; lastKnownFileType = sourcecode.swift; path = APODViewController.swift; sourceTree = "<group>"; };
		2AEAEF102B14A1B4009F2EB5 /* APOD.xcdatamodel */ = {isa = PBXFileReference; lastKnownFileType = wrapper.xcdatamodel; path = APOD.xcdatamodel; sourceTree = "<group>"; };
		2AEAEF122B14A1B6009F2EB5 /* Assets.xcassets */ = {isa = PBXFileReference; lastKnownFileType = folder.assetcatalog; path = Assets.xcassets; sourceTree = "<group>"; };
		2AEAEF152B14A1B6009F2EB5 /* Base */ = {isa = PBXFileReference; lastKnownFileType = file.storyboard; name = Base; path = Base.lproj/LaunchScreen.storyboard; sourceTree = "<group>"; };
		2AEAEF172B14A1B6009F2EB5 /* Info.plist */ = {isa = PBXFileReference; lastKnownFileType = text.plist.xml; path = Info.plist; sourceTree = "<group>"; };
		2AF3BA082B14A63700E5F32C /* APODModel.swift */ = {isa = PBXFileReference; lastKnownFileType = sourcecode.swift; path = APODModel.swift; sourceTree = "<group>"; };
		2AF3BA0B2B14A70700E5F32C /* NetworkManager.swift */ = {isa = PBXFileReference; lastKnownFileType = sourcecode.swift; path = NetworkManager.swift; sourceTree = "<group>"; };
/* End PBXFileReference section */

/* Begin PBXFrameworksBuildPhase section */
		2AEAEF002B14A1B4009F2EB5 /* Frameworks */ = {
			isa = PBXFrameworksBuildPhase;
			buildActionMask = 2147483647;
			files = (
				2AF3BA122B14B32A00E5F32C /* SDWebImageMapKit in Frameworks */,
				2AF3BA102B14B32A00E5F32C /* SDWebImage in Frameworks */,
			);
			runOnlyForDeploymentPostprocessing = 0;
		};
/* End PBXFrameworksBuildPhase section */

/* Begin PBXGroup section */
		2A0C5D122B18A84900797FD6 /* RandomDate */ = {
			isa = PBXGroup;
			children = (
				2A0C5D132B18A86B00797FD6 /* RandomDateViewController.swift */,
			);
			path = RandomDate;
			sourceTree = "<group>";
		};
		2A4C583F2B20998700B88F19 /* Today */ = {
			isa = PBXGroup;
			children = (
				2AEAEF0A2B14A1B4009F2EB5 /* APODViewController.swift */,
			);
			path = Today;
			sourceTree = "<group>";
		};
		2A4E2D8A2B150ED70099D2EE /* CoreDataHelper */ = {
			isa = PBXGroup;
			children = (
				2A4E2D8B2B150EEE0099D2EE /* CoreDataManager.swift */,
			);
			path = CoreDataHelper;
			sourceTree = "<group>";
		};
		2A849C022B17C084006CB746 /* Favorites */ = {
			isa = PBXGroup;
			children = (
				2A8272F12B163E8D001C071A /* FavoritesTableViewCell.swift */,
				2A8272EF2B16279F001C071A /* FavoritesTableViewController.swift */,
				2A849C052B17C17E006CB746 /* FavoritesDetailViewController.swift */,
			);
			path = Favorites;
			sourceTree = "<group>";
		};
		2AB16EBD2B190CA800BA9CAD /* SpecificDate */ = {
			isa = PBXGroup;
			children = (
				2A865A052B1B53BE000AADD1 /* DatePickerViewController.swift */,
				2AB16EBE2B190CDA00BA9CAD /* SpecificDateViewController.swift */,
			);
			path = SpecificDate;
			sourceTree = "<group>";
		};
		2AEAEEFA2B14A1B4009F2EB5 = {
			isa = PBXGroup;
			children = (
				2AEAEF052B14A1B4009F2EB5 /* APOD */,
				2AEAEF042B14A1B4009F2EB5 /* Products */,
			);
			sourceTree = "<group>";
		};
		2AEAEF042B14A1B4009F2EB5 /* Products */ = {
			isa = PBXGroup;
			children = (
				2AEAEF032B14A1B4009F2EB5 /* APOD.app */,
			);
			name = Products;
			sourceTree = "<group>";
		};
		2AEAEF052B14A1B4009F2EB5 /* APOD */ = {
			isa = PBXGroup;
			children = (
				2AF3BA0D2B14A70C00E5F32C /* NetworkManager */,
				2A4E2D8A2B150ED70099D2EE /* CoreDataHelper */,
				2AF3BA0A2B14A64200E5F32C /* Model */,
				2AEAEF1D2B14A22A009F2EB5 /* AppDelegate */,
				2AEAEF1E2B14A233009F2EB5 /* Controller */,
				2AEAEF122B14A1B6009F2EB5 /* Assets.xcassets */,
				2AEAEF142B14A1B6009F2EB5 /* LaunchScreen.storyboard */,
				2AEAEF172B14A1B6009F2EB5 /* Info.plist */,
				2AEAEF0F2B14A1B4009F2EB5 /* APOD.xcdatamodeld */,
			);
			path = APOD;
			sourceTree = "<group>";
		};
		2AEAEF1D2B14A22A009F2EB5 /* AppDelegate */ = {
			isa = PBXGroup;
			children = (
				2AEAEF062B14A1B4009F2EB5 /* AppDelegate.swift */,
				2AEAEF082B14A1B4009F2EB5 /* SceneDelegate.swift */,
			);
			path = AppDelegate;
			sourceTree = "<group>";
		};
		2AEAEF1E2B14A233009F2EB5 /* Controller */ = {
			isa = PBXGroup;
			children = (
				2A4C583F2B20998700B88F19 /* Today */,
				2A0C5D122B18A84900797FD6 /* RandomDate */,
				2A849C022B17C084006CB746 /* Favorites */,
				2AB16EBD2B190CA800BA9CAD /* SpecificDate */,
			);
			path = Controller;
			sourceTree = "<group>";
		};
		2AF3BA0A2B14A64200E5F32C /* Model */ = {
			isa = PBXGroup;
			children = (
				2AF3BA082B14A63700E5F32C /* APODModel.swift */,
			);
			path = Model;
			sourceTree = "<group>";
		};
		2AF3BA0D2B14A70C00E5F32C /* NetworkManager */ = {
			isa = PBXGroup;
			children = (
				2AF3BA0B2B14A70700E5F32C /* NetworkManager.swift */,
			);
			path = NetworkManager;
			sourceTree = "<group>";
		};
/* End PBXGroup section */

/* Begin PBXNativeTarget section */
		2AEAEF022B14A1B4009F2EB5 /* APOD */ = {
			isa = PBXNativeTarget;
			buildConfigurationList = 2AEAEF1A2B14A1B6009F2EB5 /* Build configuration list for PBXNativeTarget "APOD" */;
			buildPhases = (
				2AEAEEFF2B14A1B4009F2EB5 /* Sources */,
				2AEAEF002B14A1B4009F2EB5 /* Frameworks */,
				2AEAEF012B14A1B4009F2EB5 /* Resources */,
			);
			buildRules = (
			);
			dependencies = (
			);
			name = APOD;
			packageProductDependencies = (
				2AF3BA0F2B14B32A00E5F32C /* SDWebImage */,
				2AF3BA112B14B32A00E5F32C /* SDWebImageMapKit */,
			);
			productName = APOD;
			productReference = 2AEAEF032B14A1B4009F2EB5 /* APOD.app */;
			productType = "com.apple.product-type.application";
		};
/* End PBXNativeTarget section */

/* Begin PBXProject section */
		2AEAEEFB2B14A1B4009F2EB5 /* Project object */ = {
			isa = PBXProject;
			attributes = {
				BuildIndependentTargetsInParallel = 1;
				LastSwiftUpdateCheck = 1500;
				LastUpgradeCheck = 1500;
				TargetAttributes = {
					2AEAEF022B14A1B4009F2EB5 = {
						CreatedOnToolsVersion = 15.0;
					};
				};
			};
			buildConfigurationList = 2AEAEEFE2B14A1B4009F2EB5 /* Build configuration list for PBXProject "APOD" */;
			compatibilityVersion = "Xcode 14.0";
			developmentRegion = en;
			hasScannedForEncodings = 0;
			knownRegions = (
				en,
				Base,
			);
			mainGroup = 2AEAEEFA2B14A1B4009F2EB5;
			packageReferences = (
				2AF3BA0E2B14B32A00E5F32C /* XCRemoteSwiftPackageReference "SDWebImage" */,
				2AF3BA132B14E93800E5F32C /* XCRemoteSwiftPackageReference "SwiftHEXColors" */,
			);
			productRefGroup = 2AEAEF042B14A1B4009F2EB5 /* Products */;
			projectDirPath = "";
			projectRoot = "";
			targets = (
				2AEAEF022B14A1B4009F2EB5 /* APOD */,
			);
		};
/* End PBXProject section */

/* Begin PBXResourcesBuildPhase section */
		2AEAEF012B14A1B4009F2EB5 /* Resources */ = {
			isa = PBXResourcesBuildPhase;
			buildActionMask = 2147483647;
			files = (
				2AEAEF162B14A1B6009F2EB5 /* LaunchScreen.storyboard in Resources */,
				2AEAEF132B14A1B6009F2EB5 /* Assets.xcassets in Resources */,
			);
			runOnlyForDeploymentPostprocessing = 0;
		};
/* End PBXResourcesBuildPhase section */

/* Begin PBXSourcesBuildPhase section */
		2AEAEEFF2B14A1B4009F2EB5 /* Sources */ = {
			isa = PBXSourcesBuildPhase;
			buildActionMask = 2147483647;
			files = (
				2AF3BA0C2B14A70700E5F32C /* NetworkManager.swift in Sources */,
				2A865A062B1B53BE000AADD1 /* DatePickerViewController.swift in Sources */,
				2A8272F22B163E8D001C071A /* FavoritesTableViewCell.swift in Sources */,
				2AEAEF0B2B14A1B4009F2EB5 /* APODViewController.swift in Sources */,
				2A849C062B17C17E006CB746 /* FavoritesDetailViewController.swift in Sources */,
				2AB16EBF2B190CDA00BA9CAD /* SpecificDateViewController.swift in Sources */,
				2AEAEF112B14A1B4009F2EB5 /* APOD.xcdatamodeld in Sources */,
				2A0C5D142B18A86B00797FD6 /* RandomDateViewController.swift in Sources */,
				2A8272F02B16279F001C071A /* FavoritesTableViewController.swift in Sources */,
				2AEAEF072B14A1B4009F2EB5 /* AppDelegate.swift in Sources */,
				2AF3BA092B14A63700E5F32C /* APODModel.swift in Sources */,
				2A4E2D8C2B150EEE0099D2EE /* CoreDataManager.swift in Sources */,
				2AEAEF092B14A1B4009F2EB5 /* SceneDelegate.swift in Sources */,
			);
			runOnlyForDeploymentPostprocessing = 0;
		};
/* End PBXSourcesBuildPhase section */

/* Begin PBXVariantGroup section */
		2AEAEF142B14A1B6009F2EB5 /* LaunchScreen.storyboard */ = {
			isa = PBXVariantGroup;
			children = (
				2AEAEF152B14A1B6009F2EB5 /* Base */,
			);
			name = LaunchScreen.storyboard;
			sourceTree = "<group>";
		};
/* End PBXVariantGroup section */

/* Begin XCBuildConfiguration section */
		2AEAEF182B14A1B6009F2EB5 /* Debug */ = {
			isa = XCBuildConfiguration;
			buildSettings = {
				ALWAYS_SEARCH_USER_PATHS = NO;
				ASSETCATALOG_COMPILER_GENERATE_SWIFT_ASSET_SYMBOL_EXTENSIONS = YES;
				CLANG_ANALYZER_NONNULL = YES;
				CLANG_ANALYZER_NUMBER_OBJECT_CONVERSION = YES_AGGRESSIVE;
				CLANG_CXX_LANGUAGE_STANDARD = "gnu++20";
				CLANG_ENABLE_MODULES = YES;
				CLANG_ENABLE_OBJC_ARC = YES;
				CLANG_ENABLE_OBJC_WEAK = YES;
				CLANG_WARN_BLOCK_CAPTURE_AUTORELEASING = YES;
				CLANG_WARN_BOOL_CONVERSION = YES;
				CLANG_WARN_COMMA = YES;
				CLANG_WARN_CONSTANT_CONVERSION = YES;
				CLANG_WARN_DEPRECATED_OBJC_IMPLEMENTATIONS = YES;
				CLANG_WARN_DIRECT_OBJC_ISA_USAGE = YES_ERROR;
				CLANG_WARN_DOCUMENTATION_COMMENTS = YES;
				CLANG_WARN_EMPTY_BODY = YES;
				CLANG_WARN_ENUM_CONVERSION = YES;
				CLANG_WARN_INFINITE_RECURSION = YES;
				CLANG_WARN_INT_CONVERSION = YES;
				CLANG_WARN_NON_LITERAL_NULL_CONVERSION = YES;
				CLANG_WARN_OBJC_IMPLICIT_RETAIN_SELF = YES;
				CLANG_WARN_OBJC_LITERAL_CONVERSION = YES;
				CLANG_WARN_OBJC_ROOT_CLASS = YES_ERROR;
				CLANG_WARN_QUOTED_INCLUDE_IN_FRAMEWORK_HEADER = YES;
				CLANG_WARN_RANGE_LOOP_ANALYSIS = YES;
				CLANG_WARN_STRICT_PROTOTYPES = YES;
				CLANG_WARN_SUSPICIOUS_MOVE = YES;
				CLANG_WARN_UNGUARDED_AVAILABILITY = YES_AGGRESSIVE;
				CLANG_WARN_UNREACHABLE_CODE = YES;
				CLANG_WARN__DUPLICATE_METHOD_MATCH = YES;
				COPY_PHASE_STRIP = NO;
				DEBUG_INFORMATION_FORMAT = dwarf;
				ENABLE_STRICT_OBJC_MSGSEND = YES;
				ENABLE_TESTABILITY = YES;
				ENABLE_USER_SCRIPT_SANDBOXING = YES;
				GCC_C_LANGUAGE_STANDARD = gnu17;
				GCC_DYNAMIC_NO_PIC = NO;
				GCC_NO_COMMON_BLOCKS = YES;
				GCC_OPTIMIZATION_LEVEL = 0;
				GCC_PREPROCESSOR_DEFINITIONS = (
					"DEBUG=1",
					"$(inherited)",
				);
				GCC_WARN_64_TO_32_BIT_CONVERSION = YES;
				GCC_WARN_ABOUT_RETURN_TYPE = YES_ERROR;
				GCC_WARN_UNDECLARED_SELECTOR = YES;
				GCC_WARN_UNINITIALIZED_AUTOS = YES_AGGRESSIVE;
				GCC_WARN_UNUSED_FUNCTION = YES;
				GCC_WARN_UNUSED_VARIABLE = YES;
				IPHONEOS_DEPLOYMENT_TARGET = 17.0;
				LOCALIZATION_PREFERS_STRING_CATALOGS = YES;
				MTL_ENABLE_DEBUG_INFO = INCLUDE_SOURCE;
				MTL_FAST_MATH = YES;
				ONLY_ACTIVE_ARCH = YES;
				SDKROOT = iphoneos;
				SWIFT_ACTIVE_COMPILATION_CONDITIONS = "DEBUG $(inherited)";
				SWIFT_OPTIMIZATION_LEVEL = "-Onone";
			};
			name = Debug;
		};
		2AEAEF192B14A1B6009F2EB5 /* Release */ = {
			isa = XCBuildConfiguration;
			buildSettings = {
				ALWAYS_SEARCH_USER_PATHS = NO;
				ASSETCATALOG_COMPILER_GENERATE_SWIFT_ASSET_SYMBOL_EXTENSIONS = YES;
				CLANG_ANALYZER_NONNULL = YES;
				CLANG_ANALYZER_NUMBER_OBJECT_CONVERSION = YES_AGGRESSIVE;
				CLANG_CXX_LANGUAGE_STANDARD = "gnu++20";
				CLANG_ENABLE_MODULES = YES;
				CLANG_ENABLE_OBJC_ARC = YES;
				CLANG_ENABLE_OBJC_WEAK = YES;
				CLANG_WARN_BLOCK_CAPTURE_AUTORELEASING = YES;
				CLANG_WARN_BOOL_CONVERSION = YES;
				CLANG_WARN_COMMA = YES;
				CLANG_WARN_CONSTANT_CONVERSION = YES;
				CLANG_WARN_DEPRECATED_OBJC_IMPLEMENTATIONS = YES;
				CLANG_WARN_DIRECT_OBJC_ISA_USAGE = YES_ERROR;
				CLANG_WARN_DOCUMENTATION_COMMENTS = YES;
				CLANG_WARN_EMPTY_BODY = YES;
				CLANG_WARN_ENUM_CONVERSION = YES;
				CLANG_WARN_INFINITE_RECURSION = YES;
				CLANG_WARN_INT_CONVERSION = YES;
				CLANG_WARN_NON_LITERAL_NULL_CONVERSION = YES;
				CLANG_WARN_OBJC_IMPLICIT_RETAIN_SELF = YES;
				CLANG_WARN_OBJC_LITERAL_CONVERSION = YES;
				CLANG_WARN_OBJC_ROOT_CLASS = YES_ERROR;
				CLANG_WARN_QUOTED_INCLUDE_IN_FRAMEWORK_HEADER = YES;
				CLANG_WARN_RANGE_LOOP_ANALYSIS = YES;
				CLANG_WARN_STRICT_PROTOTYPES = YES;
				CLANG_WARN_SUSPICIOUS_MOVE = YES;
				CLANG_WARN_UNGUARDED_AVAILABILITY = YES_AGGRESSIVE;
				CLANG_WARN_UNREACHABLE_CODE = YES;
				CLANG_WARN__DUPLICATE_METHOD_MATCH = YES;
				COPY_PHASE_STRIP = NO;
				DEBUG_INFORMATION_FORMAT = "dwarf-with-dsym";
				ENABLE_NS_ASSERTIONS = NO;
				ENABLE_STRICT_OBJC_MSGSEND = YES;
				ENABLE_USER_SCRIPT_SANDBOXING = YES;
				GCC_C_LANGUAGE_STANDARD = gnu17;
				GCC_NO_COMMON_BLOCKS = YES;
				GCC_WARN_64_TO_32_BIT_CONVERSION = YES;
				GCC_WARN_ABOUT_RETURN_TYPE = YES_ERROR;
				GCC_WARN_UNDECLARED_SELECTOR = YES;
				GCC_WARN_UNINITIALIZED_AUTOS = YES_AGGRESSIVE;
				GCC_WARN_UNUSED_FUNCTION = YES;
				GCC_WARN_UNUSED_VARIABLE = YES;
				IPHONEOS_DEPLOYMENT_TARGET = 17.0;
				LOCALIZATION_PREFERS_STRING_CATALOGS = YES;
				MTL_ENABLE_DEBUG_INFO = NO;
				MTL_FAST_MATH = YES;
				SDKROOT = iphoneos;
				SWIFT_COMPILATION_MODE = wholemodule;
				VALIDATE_PRODUCT = YES;
			};
			name = Release;
		};
		2AEAEF1B2B14A1B6009F2EB5 /* Debug */ = {
			isa = XCBuildConfiguration;
			buildSettings = {
				ASSETCATALOG_COMPILER_APPICON_NAME = AppIcon;
				ASSETCATALOG_COMPILER_GLOBAL_ACCENT_COLOR_NAME = AccentColor;
				CODE_SIGN_STYLE = Automatic;
				CURRENT_PROJECT_VERSION = 1;
				DEVELOPMENT_TEAM = D9J7JUUAVK;
				GENERATE_INFOPLIST_FILE = YES;
				INFOPLIST_FILE = APOD/Info.plist;
				INFOPLIST_KEY_UIApplicationSupportsIndirectInputEvents = YES;
				INFOPLIST_KEY_UILaunchStoryboardName = LaunchScreen;
				INFOPLIST_KEY_UISupportedInterfaceOrientations_iPad = "UIInterfaceOrientationPortrait UIInterfaceOrientationPortraitUpsideDown UIInterfaceOrientationLandscapeLeft UIInterfaceOrientationLandscapeRight";
				INFOPLIST_KEY_UISupportedInterfaceOrientations_iPhone = "UIInterfaceOrientationPortrait UIInterfaceOrientationLandscapeLeft UIInterfaceOrientationLandscapeRight";
				LD_RUNPATH_SEARCH_PATHS = (
					"$(inherited)",
					"@executable_path/Frameworks",
				);
				MARKETING_VERSION = 1.0;
				PRODUCT_BUNDLE_IDENTIFIER = "com.erika-bootcamp.APOD";
				PRODUCT_NAME = "$(TARGET_NAME)";
				SWIFT_EMIT_LOC_STRINGS = YES;
				SWIFT_VERSION = 5.0;
				TARGETED_DEVICE_FAMILY = "1,2";
			};
			name = Debug;
		};
		2AEAEF1C2B14A1B6009F2EB5 /* Release */ = {
			isa = XCBuildConfiguration;
			buildSettings = {
				ASSETCATALOG_COMPILER_APPICON_NAME = AppIcon;
				ASSETCATALOG_COMPILER_GLOBAL_ACCENT_COLOR_NAME = AccentColor;
				CODE_SIGN_STYLE = Automatic;
				CURRENT_PROJECT_VERSION = 1;
				DEVELOPMENT_TEAM = D9J7JUUAVK;
				GENERATE_INFOPLIST_FILE = YES;
				INFOPLIST_FILE = APOD/Info.plist;
				INFOPLIST_KEY_UIApplicationSupportsIndirectInputEvents = YES;
				INFOPLIST_KEY_UILaunchStoryboardName = LaunchScreen;
				INFOPLIST_KEY_UISupportedInterfaceOrientations_iPad = "UIInterfaceOrientationPortrait UIInterfaceOrientationPortraitUpsideDown UIInterfaceOrientationLandscapeLeft UIInterfaceOrientationLandscapeRight";
				INFOPLIST_KEY_UISupportedInterfaceOrientations_iPhone = "UIInterfaceOrientationPortrait UIInterfaceOrientationLandscapeLeft UIInterfaceOrientationLandscapeRight";
				LD_RUNPATH_SEARCH_PATHS = (
					"$(inherited)",
					"@executable_path/Frameworks",
				);
				MARKETING_VERSION = 1.0;
				PRODUCT_BUNDLE_IDENTIFIER = "com.erika-bootcamp.APOD";
				PRODUCT_NAME = "$(TARGET_NAME)";
				SWIFT_EMIT_LOC_STRINGS = YES;
				SWIFT_VERSION = 5.0;
				TARGETED_DEVICE_FAMILY = "1,2";
			};
			name = Release;
		};
/* End XCBuildConfiguration section */

/* Begin XCConfigurationList section */
		2AEAEEFE2B14A1B4009F2EB5 /* Build configuration list for PBXProject "APOD" */ = {
			isa = XCConfigurationList;
			buildConfigurations = (
				2AEAEF182B14A1B6009F2EB5 /* Debug */,
				2AEAEF192B14A1B6009F2EB5 /* Release */,
			);
			defaultConfigurationIsVisible = 0;
			defaultConfigurationName = Release;
		};
		2AEAEF1A2B14A1B6009F2EB5 /* Build configuration list for PBXNativeTarget "APOD" */ = {
			isa = XCConfigurationList;
			buildConfigurations = (
				2AEAEF1B2B14A1B6009F2EB5 /* Debug */,
				2AEAEF1C2B14A1B6009F2EB5 /* Release */,
			);
			defaultConfigurationIsVisible = 0;
			defaultConfigurationName = Release;
		};
/* End XCConfigurationList section */

/* Begin XCRemoteSwiftPackageReference section */
		2AF3BA0E2B14B32A00E5F32C /* XCRemoteSwiftPackageReference "SDWebImage" */ = {
			isa = XCRemoteSwiftPackageReference;
			repositoryURL = "https://github.com/SDWebImage/SDWebImage";
			requirement = {
				kind = upToNextMajorVersion;
				minimumVersion = 5.18.5;
			};
		};
		2AF3BA132B14E93800E5F32C /* XCRemoteSwiftPackageReference "SwiftHEXColors" */ = {
			isa = XCRemoteSwiftPackageReference;
			repositoryURL = "https://github.com/thii/SwiftHEXColors";
			requirement = {
				kind = upToNextMajorVersion;
				minimumVersion = 1.4.1;
			};
		};
/* End XCRemoteSwiftPackageReference section */

/* Begin XCSwiftPackageProductDependency section */
		2AF3BA0F2B14B32A00E5F32C /* SDWebImage */ = {
			isa = XCSwiftPackageProductDependency;
			package = 2AF3BA0E2B14B32A00E5F32C /* XCRemoteSwiftPackageReference "SDWebImage" */;
			productName = SDWebImage;
		};
		2AF3BA112B14B32A00E5F32C /* SDWebImageMapKit */ = {
			isa = XCSwiftPackageProductDependency;
			package = 2AF3BA0E2B14B32A00E5F32C /* XCRemoteSwiftPackageReference "SDWebImage" */;
			productName = SDWebImageMapKit;
		};
/* End XCSwiftPackageProductDependency section */

/* Begin XCVersionGroup section */
		2AEAEF0F2B14A1B4009F2EB5 /* APOD.xcdatamodeld */ = {
			isa = XCVersionGroup;
			children = (
				2AEAEF102B14A1B4009F2EB5 /* APOD.xcdatamodel */,
			);
			currentVersion = 2AEAEF102B14A1B4009F2EB5 /* APOD.xcdatamodel */;
			path = APOD.xcdatamodeld;
			sourceTree = "<group>";
			versionGroupType = wrapper.xcdatamodel;
		};
/* End XCVersionGroup section */
	};
	rootObject = 2AEAEEFB2B14A1B4009F2EB5 /* Project object */;
}
